
Microsoft Visual Studio Solution File, Format Version 12.00
# Visual Studio 15
Project("{FAE04EC0-301F-11D3-BF4B-00C04F79EFBC}") = "Assembly-CSharp", "Assembly-CSharp.csproj", "{B537C14F-34E5-10E2-426C-AC0BA170E837}"
EndProject
Project("{FAE04EC0-301F-11D3-BF4B-00C04F79EFBC}") = "Assembly-CSharp-firstpass", "Assembly-CSharp-firstpass.csproj", "{86F6E6E0-F18D-1A12-E2B0-4B76424CC453}"
EndProject
Project("{FAE04EC0-301F-11D3-BF4B-00C04F79EFBC}") = "Assembly-CSharp-Editor-firstpass", "Assembly-CSharp-Editor-firstpass.csproj", "{C4138326-B13D-CFE4-522C-66F2CECC5E0F}"
EndProject
Project("{FAE04EC0-301F-11D3-BF4B-00C04F79EFBC}") = "Assembly-CSharp-Editor", "Assembly-CSharp-Editor.csproj", "{84E99B54-E820-40E1-65CA-ED5002327E61}"
EndProject
Global
	GlobalSection(SolutionConfigurationPlatforms) = preSolution
		Debug|Any CPU = Debug|Any CPU
		Release|Any CPU = Release|Any CPU
	EndGlobalSection
	GlobalSection(ProjectConfigurationPlatforms) = postSolution
		{B537C14F-34E5-10E2-426C-AC0BA170E837}.Debug|Any CPU.ActiveCfg = Debug|Any CPU
		{B537C14F-34E5-10E2-426C-AC0BA170E837}.Debug|Any CPU.Build.0 = Debug|Any CPU
		{B537C14F-34E5-10E2-426C-AC0BA170E837}.Release|Any CPU.ActiveCfg = Release|Any CPU
		{B537C14F-34E5-10E2-426C-AC0BA170E837}.Release|Any CPU.Build.0 = Release|Any CPU
		{86F6E6E0-F18D-1A12-E2B0-4B76424CC453}.Debug|Any CPU.ActiveCfg = Debug|Any CPU
		{86F6E6E0-F18D-1A12-E2B0-4B76424CC453}.Debug|Any CPU.Build.0 = Debug|Any CPU
		{86F6E6E0-F18D-1A12-E2B0-4B76424CC453}.Release|Any CPU.ActiveCfg = Release|Any CPU
		{86F6E6E0-F18D-1A12-E2B0-4B76424CC453}.Release|Any CPU.Build.0 = Release|Any CPU
		{C4138326-B13D-CFE4-522C-66F2CECC5E0F}.Debug|Any CPU.ActiveCfg = Debug|Any CPU
		{C4138326-B13D-CFE4-522C-66F2CECC5E0F}.Debug|Any CPU.Build.0 = Debug|Any CPU
		{C4138326-B13D-CFE4-522C-66F2CECC5E0F}.Release|Any CPU.ActiveCfg = Release|Any CPU
		{C4138326-B13D-CFE4-522C-66F2CECC5E0F}.Release|Any CPU.Build.0 = Release|Any CPU
		{84E99B54-E820-40E1-65CA-ED5002327E61}.Debug|Any CPU.ActiveCfg = Debug|Any CPU
		{84E99B54-E820-40E1-65CA-ED5002327E61}.Debug|Any CPU.Build.0 = Debug|Any CPU
		{84E99B54-E820-40E1-65CA-ED5002327E61}.Release|Any CPU.ActiveCfg = Release|Any CPU
		{84E99B54-E820-40E1-65CA-ED5002327E61}.Release|Any CPU.Build.0 = Release|Any CPU
	EndGlobalSection
	GlobalSection(SolutionProperties) = preSolution
		HideSolutionNode = FALSE
	EndGlobalSection
EndGlobal
